// !$*UTF8*$!
{
	archiveVersion = 1;
	classes = {
	};
	objectVersion = 46;
	objects = {

/* Begin PBXBuildFile section */
		D6846A2C1D892EA300792CA4 /* AbstractPopover.swift in Sources */ = {isa = PBXBuildFile; fileRef = D6846A2B1D892EA300792CA4 /* AbstractPopover.swift */; };
		D6846A331D892EB300792CA4 /* DatePickerPopover.storyboard in Resources */ = {isa = PBXBuildFile; fileRef = D6846A2D1D892EB300792CA4 /* DatePickerPopover.storyboard */; };
		D6846A341D892EB300792CA4 /* DatePickerPopover.swift in Sources */ = {isa = PBXBuildFile; fileRef = D6846A2E1D892EB300792CA4 /* DatePickerPopover.swift */; };
		D6846A351D892EB300792CA4 /* DatePickerPopoverViewController.swift in Sources */ = {isa = PBXBuildFile; fileRef = D6846A2F1D892EB300792CA4 /* DatePickerPopoverViewController.swift */; };
		D6846A361D892EB300792CA4 /* StringPickerPopover.storyboard in Resources */ = {isa = PBXBuildFile; fileRef = D6846A301D892EB300792CA4 /* StringPickerPopover.storyboard */; };
		D6846A371D892EB300792CA4 /* StringPickerPopover.swift in Sources */ = {isa = PBXBuildFile; fileRef = D6846A311D892EB300792CA4 /* StringPickerPopover.swift */; };
		D6846A381D892EB300792CA4 /* StringPickerPopoverViewController.swift in Sources */ = {isa = PBXBuildFile; fileRef = D6846A321D892EB300792CA4 /* StringPickerPopoverViewController.swift */; };
		D6D5C5351D892C930002118F /* AppDelegate.swift in Sources */ = {isa = PBXBuildFile; fileRef = D6D5C5341D892C930002118F /* AppDelegate.swift */; };
		D6D5C5371D892C930002118F /* SampleViewController.swift in Sources */ = {isa = PBXBuildFile; fileRef = D6D5C5361D892C930002118F /* SampleViewController.swift */; };
		D6D5C53A1D892C930002118F /* Main.storyboard in Resources */ = {isa = PBXBuildFile; fileRef = D6D5C5381D892C930002118F /* Main.storyboard */; };
		D6D5C53C1D892C930002118F /* Assets.xcassets in Resources */ = {isa = PBXBuildFile; fileRef = D6D5C53B1D892C930002118F /* Assets.xcassets */; };
		D6D5C53F1D892C930002118F /* LaunchScreen.storyboard in Resources */ = {isa = PBXBuildFile; fileRef = D6D5C53D1D892C930002118F /* LaunchScreen.storyboard */; };
/* End PBXBuildFile section */

/* Begin PBXFileReference section */
		D6846A2B1D892EA300792CA4 /* AbstractPopover.swift */ = {isa = PBXFileReference; fileEncoding = 4; lastKnownFileType = sourcecode.swift; path = AbstractPopover.swift; sourceTree = "<group>"; };
		D6846A2D1D892EB300792CA4 /* DatePickerPopover.storyboard */ = {isa = PBXFileReference; fileEncoding = 4; lastKnownFileType = file.storyboard; path = DatePickerPopover.storyboard; sourceTree = "<group>"; };
		D6846A2E1D892EB300792CA4 /* DatePickerPopover.swift */ = {isa = PBXFileReference; fileEncoding = 4; lastKnownFileType = sourcecode.swift; path = DatePickerPopover.swift; sourceTree = "<group>"; };
		D6846A2F1D892EB300792CA4 /* DatePickerPopoverViewController.swift */ = {isa = PBXFileReference; fileEncoding = 4; lastKnownFileType = sourcecode.swift; path = DatePickerPopoverViewController.swift; sourceTree = "<group>"; };
		D6846A301D892EB300792CA4 /* StringPickerPopover.storyboard */ = {isa = PBXFileReference; fileEncoding = 4; lastKnownFileType = file.storyboard; path = StringPickerPopover.storyboard; sourceTree = "<group>"; };
		D6846A311D892EB300792CA4 /* StringPickerPopover.swift */ = {isa = PBXFileReference; fileEncoding = 4; lastKnownFileType = sourcecode.swift; path = StringPickerPopover.swift; sourceTree = "<group>"; };
		D6846A321D892EB300792CA4 /* StringPickerPopoverViewController.swift */ = {isa = PBXFileReference; fileEncoding = 4; lastKnownFileType = sourcecode.swift; path = StringPickerPopoverViewController.swift; sourceTree = "<group>"; };
		D6D5C5311D892C930002118F /* SwiftyPickerPopover.app */ = {isa = PBXFileReference; explicitFileType = wrapper.application; includeInIndex = 0; path = SwiftyPickerPopover.app; sourceTree = BUILT_PRODUCTS_DIR; };
		D6D5C5341D892C930002118F /* AppDelegate.swift */ = {isa = PBXFileReference; lastKnownFileType = sourcecode.swift; path = AppDelegate.swift; sourceTree = "<group>"; };
		D6D5C5361D892C930002118F /* SampleViewController.swift */ = {isa = PBXFileReference; lastKnownFileType = sourcecode.swift; path = SampleViewController.swift; sourceTree = "<group>"; };
		D6D5C5391D892C930002118F /* Base */ = {isa = PBXFileReference; lastKnownFileType = file.storyboard; name = Base; path = Base.lproj/Main.storyboard; sourceTree = "<group>"; };
		D6D5C53B1D892C930002118F /* Assets.xcassets */ = {isa = PBXFileReference; lastKnownFileType = folder.assetcatalog; path = Assets.xcassets; sourceTree = "<group>"; };
		D6D5C53E1D892C930002118F /* Base */ = {isa = PBXFileReference; lastKnownFileType = file.storyboard; name = Base; path = Base.lproj/LaunchScreen.storyboard; sourceTree = "<group>"; };
		D6D5C5401D892C930002118F /* Info.plist */ = {isa = PBXFileReference; lastKnownFileType = text.plist.xml; path = Info.plist; sourceTree = "<group>"; };
/* End PBXFileReference section */

/* Begin PBXFrameworksBuildPhase section */
		D6D5C52E1D892C930002118F /* Frameworks */ = {
			isa = PBXFrameworksBuildPhase;
			buildActionMask = 2147483647;
			files = (
			);
			runOnlyForDeploymentPostprocessing = 0;
		};
/* End PBXFrameworksBuildPhase section */

/* Begin PBXGroup section */
		D6D5C5281D892C930002118F = {
			isa = PBXGroup;
			children = (
				D6D5C5331D892C930002118F /* SwiftyPickerPopover */,
				D6D5C5321D892C930002118F /* Products */,
			);
			sourceTree = "<group>";
		};
		D6D5C5321D892C930002118F /* Products */ = {
			isa = PBXGroup;
			children = (
				D6D5C5311D892C930002118F /* SwiftyPickerPopover.app */,
			);
			name = Products;
			sourceTree = "<group>";
		};
		D6D5C5331D892C930002118F /* SwiftyPickerPopover */ = {
			isa = PBXGroup;
			children = (
				D6D5C5341D892C930002118F /* AppDelegate.swift */,
				D6D5C5361D892C930002118F /* SampleViewController.swift */,
				D6D5C5381D892C930002118F /* Main.storyboard */,
				D6D5C53B1D892C930002118F /* Assets.xcassets */,
				D6D5C53D1D892C930002118F /* LaunchScreen.storyboard */,
				D6D5C5401D892C930002118F /* Info.plist */,
				D6846A2B1D892EA300792CA4 /* AbstractPopover.swift */,
				D6846A2D1D892EB300792CA4 /* DatePickerPopover.storyboard */,
				D6846A2E1D892EB300792CA4 /* DatePickerPopover.swift */,
				D6846A2F1D892EB300792CA4 /* DatePickerPopoverViewController.swift */,
				D6846A301D892EB300792CA4 /* StringPickerPopover.storyboard */,
				D6846A311D892EB300792CA4 /* StringPickerPopover.swift */,
				D6846A321D892EB300792CA4 /* StringPickerPopoverViewController.swift */,
			);
			path = SwiftyPickerPopover;
			sourceTree = "<group>";
		};
/* End PBXGroup section */

/* Begin PBXNativeTarget section */
		D6D5C5301D892C930002118F /* SwiftyPickerPopover */ = {
			isa = PBXNativeTarget;
			buildConfigurationList = D6D5C5431D892C930002118F /* Build configuration list for PBXNativeTarget "SwiftyPickerPopover" */;
			buildPhases = (
				D6D5C52D1D892C930002118F /* Sources */,
				D6D5C52E1D892C930002118F /* Frameworks */,
				D6D5C52F1D892C930002118F /* Resources */,
			);
			buildRules = (
			);
			dependencies = (
			);
			name = SwiftyPickerPopover;
			productName = SwiftyPickerPopover;
			productReference = D6D5C5311D892C930002118F /* SwiftyPickerPopover.app */;
			productType = "com.apple.product-type.application";
		};
/* End PBXNativeTarget section */

/* Begin PBXProject section */
		D6D5C5291D892C930002118F /* Project object */ = {
			isa = PBXProject;
			attributes = {
				LastSwiftUpdateCheck = 0800;
				LastUpgradeCheck = 0800;
				ORGANIZATIONNAME = "Yuta Hoshino";
				TargetAttributes = {
					D6D5C5301D892C930002118F = {
						CreatedOnToolsVersion = 8.0;
						DevelopmentTeam = 94CEFW22UD;
						ProvisioningStyle = Automatic;
					};
				};
			};
			buildConfigurationList = D6D5C52C1D892C930002118F /* Build configuration list for PBXProject "SwiftyPickerPopover" */;
			compatibilityVersion = "Xcode 3.2";
			developmentRegion = English;
			hasScannedForEncodings = 0;
			knownRegions = (
				en,
				Base,
			);
			mainGroup = D6D5C5281D892C930002118F;
			productRefGroup = D6D5C5321D892C930002118F /* Products */;
			projectDirPath = "";
			projectRoot = "";
			targets = (
				D6D5C5301D892C930002118F /* SwiftyPickerPopover */,
			);
		};
/* End PBXProject section */

/* Begin PBXResourcesBuildPhase section */
		D6D5C52F1D892C930002118F /* Resources */ = {
			isa = PBXResourcesBuildPhase;
			buildActionMask = 2147483647;
			files = (
				D6D5C53F1D892C930002118F /* LaunchScreen.storyboard in Resources */,
				D6D5C53C1D892C930002118F /* Assets.xcassets in Resources */,
				D6846A331D892EB300792CA4 /* DatePickerPopover.storyboard in Resources */,
				D6D5C53A1D892C930002118F /* Main.storyboard in Resources */,
				D6846A361D892EB300792CA4 /* StringPickerPopover.storyboard in Resources */,
			);
			runOnlyForDeploymentPostprocessing = 0;
		};
/* End PBXResourcesBuildPhase section */

/* Begin PBXSourcesBuildPhase section */
		D6D5C52D1D892C930002118F /* Sources */ = {
			isa = PBXSourcesBuildPhase;
			buildActionMask = 2147483647;
			files = (
				D6D5C5371D892C930002118F /* SampleViewController.swift in Sources */,
				D6846A351D892EB300792CA4 /* DatePickerPopoverViewController.swift in Sources */,
				D6846A371D892EB300792CA4 /* StringPickerPopover.swift in Sources */,
				D6846A341D892EB300792CA4 /* DatePickerPopover.swift in Sources */,
				D6846A381D892EB300792CA4 /* StringPickerPopoverViewController.swift in Sources */,
				D6846A2C1D892EA300792CA4 /* AbstractPopover.swift in Sources */,
				D6D5C5351D892C930002118F /* AppDelegate.swift in Sources */,
			);
			runOnlyForDeploymentPostprocessing = 0;
		};
/* End PBXSourcesBuildPhase section */

/* Begin PBXVariantGroup section */
		D6D5C5381D892C930002118F /* Main.storyboard */ = {
			isa = PBXVariantGroup;
			children = (
				D6D5C5391D892C930002118F /* Base */,
			);
			name = Main.storyboard;
			sourceTree = "<group>";
		};
		D6D5C53D1D892C930002118F /* LaunchScreen.storyboard */ = {
			isa = PBXVariantGroup;
			children = (
				D6D5C53E1D892C930002118F /* Base */,
			);
			name = LaunchScreen.storyboard;
			sourceTree = "<group>";
		};
/* End PBXVariantGroup section */

/* Begin XCBuildConfiguration section */
		D6D5C5411D892C930002118F /* Debug */ = {
			isa = XCBuildConfiguration;
			buildSettings = {
				ALWAYS_SEARCH_USER_PATHS = NO;
				CLANG_ANALYZER_NONNULL = YES;
				CLANG_CXX_LANGUAGE_STANDARD = "gnu++0x";
				CLANG_CXX_LIBRARY = "libc++";
				CLANG_ENABLE_MODULES = YES;
				CLANG_ENABLE_OBJC_ARC = YES;
				CLANG_WARN_BOOL_CONVERSION = YES;
				CLANG_WARN_CONSTANT_CONVERSION = YES;
				CLANG_WARN_DIRECT_OBJC_ISA_USAGE = YES_ERROR;
				CLANG_WARN_DOCUMENTATION_COMMENTS = YES;
				CLANG_WARN_EMPTY_BODY = YES;
				CLANG_WARN_ENUM_CONVERSION = YES;
				CLANG_WARN_INFINITE_RECURSION = YES;
				CLANG_WARN_INT_CONVERSION = YES;
				CLANG_WARN_OBJC_ROOT_CLASS = YES_ERROR;
				CLANG_WARN_SUSPICIOUS_MOVES = YES;
				CLANG_WARN_UNREACHABLE_CODE = YES;
				CLANG_WARN__DUPLICATE_METHOD_MATCH = YES;
				"CODE_SIGN_IDENTITY[sdk=iphoneos*]" = "iPhone Developer";
				COPY_PHASE_STRIP = NO;
				DEBUG_INFORMATION_FORMAT = dwarf;
				ENABLE_STRICT_OBJC_MSGSEND = YES;
				ENABLE_TESTABILITY = YES;
				GCC_C_LANGUAGE_STANDARD = gnu99;
				GCC_DYNAMIC_NO_PIC = NO;
				GCC_NO_COMMON_BLOCKS = YES;
				GCC_OPTIMIZATION_LEVEL = 0;
				GCC_PREPROCESSOR_DEFINITIONS = (
					"DEBUG=1",
					"$(inherited)",
				);
				GCC_WARN_64_TO_32_BIT_CONVERSION = YES;
				GCC_WARN_ABOUT_RETURN_TYPE = YES_ERROR;
				GCC_WARN_UNDECLARED_SELECTOR = YES;
				GCC_WARN_UNINITIALIZED_AUTOS = YES_AGGRESSIVE;
				GCC_WARN_UNUSED_FUNCTION = YES;
				GCC_WARN_UNUSED_VARIABLE = YES;
				IPHONEOS_DEPLOYMENT_TARGET = 10.0;
				MTL_ENABLE_DEBUG_INFO = YES;
				ONLY_ACTIVE_ARCH = YES;
				SDKROOT = iphoneos;
				SWIFT_ACTIVE_COMPILATION_CONDITIONS = DEBUG;
				SWIFT_OPTIMIZATION_LEVEL = "-Onone";
				SWIFT_VERSION = 2.3;
				TARGETED_DEVICE_FAMILY = "1,2";
			};
			name = Debug;
		};
		D6D5C5421D892C930002118F /* Release */ = {
			isa = XCBuildConfiguration;
			buildSettings = {
				ALWAYS_SEARCH_USER_PATHS = NO;
				CLANG_ANALYZER_NONNULL = YES;
				CLANG_CXX_LANGUAGE_STANDARD = "gnu++0x";
				CLANG_CXX_LIBRARY = "libc++";
				CLANG_ENABLE_MODULES = YES;
				CLANG_ENABLE_OBJC_ARC = YES;
				CLANG_WARN_BOOL_CONVERSION = YES;
				CLANG_WARN_CONSTANT_CONVERSION = YES;
				CLANG_WARN_DIRECT_OBJC_ISA_USAGE = YES_ERROR;
				CLANG_WARN_DOCUMENTATION_COMMENTS = YES;
				CLANG_WARN_EMPTY_BODY = YES;
				CLANG_WARN_ENUM_CONVERSION = YES;
				CLANG_WARN_INFINITE_RECURSION = YES;
				CLANG_WARN_INT_CONVERSION = YES;
				CLANG_WARN_OBJC_ROOT_CLASS = YES_ERROR;
				CLANG_WARN_SUSPICIOUS_MOVES = YES;
				CLANG_WARN_UNREACHABLE_CODE = YES;
				CLANG_WARN__DUPLICATE_METHOD_MATCH = YES;
				"CODE_SIGN_IDENTITY[sdk=iphoneos*]" = "iPhone Developer";
				COPY_PHASE_STRIP = NO;
				DEBUG_INFORMATION_FORMAT = "dwarf-with-dsym";
				ENABLE_NS_ASSERTIONS = NO;
				ENABLE_STRICT_OBJC_MSGSEND = YES;
				GCC_C_LANGUAGE_STANDARD = gnu99;
				GCC_NO_COMMON_BLOCKS = YES;
				GCC_WARN_64_TO_32_BIT_CONVERSION = YES;
				GCC_WARN_ABOUT_RETURN_TYPE = YES_ERROR;
				GCC_WARN_UNDECLARED_SELECTOR = YES;
				GCC_WARN_UNINITIALIZED_AUTOS = YES_AGGRESSIVE;
				GCC_WARN_UNUSED_FUNCTION = YES;
				GCC_WARN_UNUSED_VARIABLE = YES;
				IPHONEOS_DEPLOYMENT_TARGET = 10.0;
				MTL_ENABLE_DEBUG_INFO = NO;
				SDKROOT = iphoneos;
				SWIFT_OPTIMIZATION_LEVEL = "-Owholemodule";
				SWIFT_VERSION = 2.3;
				TARGETED_DEVICE_FAMILY = "1,2";
				VALIDATE_PRODUCT = YES;
			};
			name = Release;
		};
		D6D5C5441D892C930002118F /* Debug */ = {
			isa = XCBuildConfiguration;
			buildSettings = {
				ASSETCATALOG_COMPILER_APPICON_NAME = AppIcon;
				DEVELOPMENT_TEAM = 94CEFW22UD;
				INFOPLIST_FILE = SwiftyPickerPopover/Info.plist;
				IPHONEOS_DEPLOYMENT_TARGET = 9.0;
				LD_RUNPATH_SEARCH_PATHS = "$(inherited) @executable_path/Frameworks";
				PRODUCT_BUNDLE_IDENTIFIER = "ge-nie-inc.SwiftyPickerPopover";
				PRODUCT_NAME = "$(TARGET_NAME)";
				SWIFT_VERSION = 2.3;
			};
			name = Debug;
		};
		D6D5C5451D892C930002118F /* Release */ = {
			isa = XCBuildConfiguration;
			buildSettings = {
				ASSETCATALOG_COMPILER_APPICON_NAME = AppIcon;
				DEVELOPMENT_TEAM = 94CEFW22UD;
				INFOPLIST_FILE = SwiftyPickerPopover/Info.plist;
				IPHONEOS_DEPLOYMENT_TARGET = 9.0;
				LD_RUNPATH_SEARCH_PATHS = "$(inherited) @executable_path/Frameworks";
				PRODUCT_BUNDLE_IDENTIFIER = "ge-nie-inc.SwiftyPickerPopover";
				PRODUCT_NAME = "$(TARGET_NAME)";
				SWIFT_VERSION = 2.3;
			};
			name = Release;
		};
/* End XCBuildConfiguration section */

/* Begin XCConfigurationList section */
		D6D5C52C1D892C930002118F /* Build configuration list for PBXProject "SwiftyPickerPopover" */ = {
			isa = XCConfigurationList;
			buildConfigurations = (
				D6D5C5411D892C930002118F /* Debug */,
				D6D5C5421D892C930002118F /* Release */,
			);
			defaultConfigurationIsVisible = 0;
			defaultConfigurationName = Release;
		};
		D6D5C5431D892C930002118F /* Build configuration list for PBXNativeTarget "SwiftyPickerPopover" */ = {
			isa = XCConfigurationList;
			buildConfigurations = (
				D6D5C5441D892C930002118F /* Debug */,
				D6D5C5451D892C930002118F /* Release */,
			);
			defaultConfigurationIsVisible = 0;
			defaultConfigurationName = Release;
		};
/* End XCConfigurationList section */
	};
	rootObject = D6D5C5291D892C930002118F /* Project object */;
}
